
Microsoft Visual Studio Solution File, Format Version 12.00
# Visual Studio Version 16
VisualStudioVersion = 16.0.29025.244
MinimumVisualStudioVersion = 10.0.40219.1
Project("{FAE04EC0-301F-11D3-BF4B-00C04F79EFBC}") = "BDO_Builder", "BDO_Builder\BDO_Builder.csproj", "{8CAB01FF-6861-4978-A89C-16206672895F}"
EndProject
Global
	GlobalSection(SolutionConfigurationPlatforms) = preSolution
		Debug|Any CPU = Debug|Any CPU
		Release|Any CPU = Release|Any CPU
	EndGlobalSection
	GlobalSection(ProjectConfigurationPlatforms) = postSolution
		{8CAB01FF-6861-4978-A89C-16206672895F}.Debug|Any CPU.ActiveCfg = Debug|Any CPU
		{8CAB01FF-6861-4978-A89C-16206672895F}.Debug|Any CPU.Build.0 = Debug|Any CPU
		{8CAB01FF-6861-4978-A89C-16206672895F}.Release|Any CPU.ActiveCfg = Release|Any CPU
		{8CAB01FF-6861-4978-A89C-16206672895F}.Release|Any CPU.Build.0 = Release|Any CPU
	EndGlobalSection
	GlobalSection(SolutionProperties) = preSolution
		HideSolutionNode = FALSE
	EndGlobalSection
	GlobalSection(ExtensibilityGlobals) = postSolution
		SolutionGuid = {2FE88923-357B-48DE-9B34-CAA7FDBC2082}
	EndGlobalSection
EndGlobal
